
Microsoft Visual Studio Solution File, Format Version 12.00
# Visual Studio Version 17
VisualStudioVersion = 17.7.34024.191
MinimumVisualStudioVersion = 10.0.40219.1
Project("{FAE04EC0-301F-11D3-BF4B-00C04F79EFBC}") = "Foro", "Foro\Foro.csproj", "{360DC488-C8EB-4C37-9D95-489AE3FD88EE}"
EndProject
Global
	GlobalSection(SolutionConfigurationPlatforms) = preSolution
		Debug|Any CPU = Debug|Any CPU
		Release|Any CPU = Release|Any CPU
	EndGlobalSection
	GlobalSection(ProjectConfigurationPlatforms) = postSolution
		{360DC488-C8EB-4C37-9D95-489AE3FD88EE}.Debug|Any CPU.ActiveCfg = Debug|Any CPU
		{360DC488-C8EB-4C37-9D95-489AE3FD88EE}.Debug|Any CPU.Build.0 = Debug|Any CPU
		{360DC488-C8EB-4C37-9D95-489AE3FD88EE}.Release|Any CPU.ActiveCfg = Release|Any CPU
		{360DC488-C8EB-4C37-9D95-489AE3FD88EE}.Release|Any CPU.Build.0 = Release|Any CPU
	EndGlobalSection
	GlobalSection(SolutionProperties) = preSolution
		HideSolutionNode = FALSE
	EndGlobalSection
	GlobalSection(ExtensibilityGlobals) = postSolution
		SolutionGuid = {100EF46D-ACB9-48AF-975E-D0D1C4FB1C3B}
	EndGlobalSection
EndGlobal
